
Microsoft Visual Studio Solution File, Format Version 12.00
# Visual Studio Version 16
VisualStudioVersion = 16.0.30320.27
MinimumVisualStudioVersion = 10.0.40219.1
Project("{FAE04EC0-301F-11D3-BF4B-00C04F79EFBC}") = "TanCursosMobile.Android", "TanCursosMobile\TanCursosMobile.Android\TanCursosMobile.Android.csproj", "{BB8BF17F-08BC-4F09-BA34-847F7520B415}"
EndProject
Project("{FAE04EC0-301F-11D3-BF4B-00C04F79EFBC}") = "TanCursosMobile.iOS", "TanCursosMobile\TanCursosMobile.iOS\TanCursosMobile.iOS.csproj", "{EFE709E4-FBDE-4DAA-B2C5-871405F5EAAA}"
EndProject
Project("{9A19103F-16F7-4668-BE54-9A1E7A4F7556}") = "TanCursosMobile", "TanCursosMobile\TanCursosMobile\TanCursosMobile.csproj", "{77B9F34C-F51B-4A5D-A374-F404C5D2FF01}"
EndProject
Project("{9A19103F-16F7-4668-BE54-9A1E7A4F7556}") = "TanCursosMobile.ViewModels", "TanCursosMobile.ViewModels\TanCursosMobile.ViewModels.csproj", "{1BC846FC-799B-41AC-9222-54D8858E8AF1}"
EndProject
Project("{2150E333-8FDC-42A3-9474-1A3956D46DE8}") = "Presentation", "Presentation", "{50C2BF41-FEBE-41E3-B708-5152D1BEB9A1}"
EndProject
Project("{2150E333-8FDC-42A3-9474-1A3956D46DE8}") = "Application", "Application", "{9D3A179A-9968-4E60-863F-D2D4B9C2F61C}"
EndProject
Project("{2150E333-8FDC-42A3-9474-1A3956D46DE8}") = "Infrastructure", "Infrastructure", "{CBF1CB02-7039-4A53-A2D3-1C8536692E1D}"
EndProject
Project("{2150E333-8FDC-42A3-9474-1A3956D46DE8}") = "Repository", "Repository", "{35993D36-B2A0-4CC0-812F-249B928E04FB}"
EndProject
Project("{2150E333-8FDC-42A3-9474-1A3956D46DE8}") = "Domain", "Domain", "{DF7816AF-0EA0-48B6-A7F7-32188E05309A}"
EndProject
Project("{9A19103F-16F7-4668-BE54-9A1E7A4F7556}") = "TanCursos.Domain", "TanCursosMobile.Domain\TanCursos.Domain.csproj", "{77E9269B-6DFE-4920-AAC5-BC098FE0C504}"
EndProject
Project("{9A19103F-16F7-4668-BE54-9A1E7A4F7556}") = "TanCursosMobile.Application", "TanCursosMobile.Application\TanCursosMobile.Application.csproj", "{19CA227C-B904-42FF-A201-748409AFBD54}"
EndProject
Project("{9A19103F-16F7-4668-BE54-9A1E7A4F7556}") = "TanCursos.Repository.EF", "TanCursos.Repository.EF\TanCursos.Repository.EF.csproj", "{D87B419D-539B-4DAE-9534-DD33E32997C0}"
EndProject
Project("{FAE04EC0-301F-11D3-BF4B-00C04F79EFBC}") = "TanCursos.Repository.EF.Tests", "TanCursos.Repository.EF.Tests\TanCursos.Repository.EF.Tests.csproj", "{E931F905-317C-4968-8551-FA879638BF05}"
EndProject
Global
	GlobalSection(SolutionConfigurationPlatforms) = preSolution
		Debug|Any CPU = Debug|Any CPU
		Debug|iPhone = Debug|iPhone
		Debug|iPhoneSimulator = Debug|iPhoneSimulator
		Release|Any CPU = Release|Any CPU
		Release|iPhone = Release|iPhone
		Release|iPhoneSimulator = Release|iPhoneSimulator
	EndGlobalSection
	GlobalSection(ProjectConfigurationPlatforms) = postSolution
		{BB8BF17F-08BC-4F09-BA34-847F7520B415}.Debug|Any CPU.ActiveCfg = Debug|Any CPU
		{BB8BF17F-08BC-4F09-BA34-847F7520B415}.Debug|Any CPU.Build.0 = Debug|Any CPU
		{BB8BF17F-08BC-4F09-BA34-847F7520B415}.Debug|Any CPU.Deploy.0 = Debug|Any CPU
		{BB8BF17F-08BC-4F09-BA34-847F7520B415}.Debug|iPhone.ActiveCfg = Debug|Any CPU
		{BB8BF17F-08BC-4F09-BA34-847F7520B415}.Debug|iPhone.Build.0 = Debug|Any CPU
		{BB8BF17F-08BC-4F09-BA34-847F7520B415}.Debug|iPhone.Deploy.0 = Debug|Any CPU
		{BB8BF17F-08BC-4F09-BA34-847F7520B415}.Debug|iPhoneSimulator.ActiveCfg = Debug|Any CPU
		{BB8BF17F-08BC-4F09-BA34-847F7520B415}.Debug|iPhoneSimulator.Build.0 = Debug|Any CPU
		{BB8BF17F-08BC-4F09-BA34-847F7520B415}.Debug|iPhoneSimulator.Deploy.0 = Debug|Any CPU
		{BB8BF17F-08BC-4F09-BA34-847F7520B415}.Release|Any CPU.ActiveCfg = Release|Any CPU
		{BB8BF17F-08BC-4F09-BA34-847F7520B415}.Release|Any CPU.Build.0 = Release|Any CPU
		{BB8BF17F-08BC-4F09-BA34-847F7520B415}.Release|Any CPU.Deploy.0 = Release|Any CPU
		{BB8BF17F-08BC-4F09-BA34-847F7520B415}.Release|iPhone.ActiveCfg = Release|Any CPU
		{BB8BF17F-08BC-4F09-BA34-847F7520B415}.Release|iPhone.Build.0 = Release|Any CPU
		{BB8BF17F-08BC-4F09-BA34-847F7520B415}.Release|iPhone.Deploy.0 = Release|Any CPU
		{BB8BF17F-08BC-4F09-BA34-847F7520B415}.Release|iPhoneSimulator.ActiveCfg = Release|Any CPU
		{BB8BF17F-08BC-4F09-BA34-847F7520B415}.Release|iPhoneSimulator.Build.0 = Release|Any CPU
		{BB8BF17F-08BC-4F09-BA34-847F7520B415}.Release|iPhoneSimulator.Deploy.0 = Release|Any CPU
		{EFE709E4-FBDE-4DAA-B2C5-871405F5EAAA}.Debug|Any CPU.ActiveCfg = Debug|iPhone
		{EFE709E4-FBDE-4DAA-B2C5-871405F5EAAA}.Debug|Any CPU.Build.0 = Debug|iPhone
		{EFE709E4-FBDE-4DAA-B2C5-871405F5EAAA}.Debug|Any CPU.Deploy.0 = Debug|iPhone
		{EFE709E4-FBDE-4DAA-B2C5-871405F5EAAA}.Debug|iPhone.ActiveCfg = Debug|iPhone
		{EFE709E4-FBDE-4DAA-B2C5-871405F5EAAA}.Debug|iPhone.Build.0 = Debug|iPhone
		{EFE709E4-FBDE-4DAA-B2C5-871405F5EAAA}.Debug|iPhone.Deploy.0 = Debug|iPhone
		{EFE709E4-FBDE-4DAA-B2C5-871405F5EAAA}.Debug|iPhoneSimulator.ActiveCfg = Debug|iPhoneSimulator
		{EFE709E4-FBDE-4DAA-B2C5-871405F5EAAA}.Debug|iPhoneSimulator.Build.0 = Debug|iPhoneSimulator
		{EFE709E4-FBDE-4DAA-B2C5-871405F5EAAA}.Debug|iPhoneSimulator.Deploy.0 = Debug|iPhoneSimulator
		{EFE709E4-FBDE-4DAA-B2C5-871405F5EAAA}.Release|Any CPU.ActiveCfg = Release|iPhone
		{EFE709E4-FBDE-4DAA-B2C5-871405F5EAAA}.Release|Any CPU.Build.0 = Release|iPhone
		{EFE709E4-FBDE-4DAA-B2C5-871405F5EAAA}.Release|Any CPU.Deploy.0 = Release|iPhone
		{EFE709E4-FBDE-4DAA-B2C5-871405F5EAAA}.Release|iPhone.ActiveCfg = Release|iPhone
		{EFE709E4-FBDE-4DAA-B2C5-871405F5EAAA}.Release|iPhone.Build.0 = Release|iPhone
		{EFE709E4-FBDE-4DAA-B2C5-871405F5EAAA}.Release|iPhone.Deploy.0 = Release|iPhone
		{EFE709E4-FBDE-4DAA-B2C5-871405F5EAAA}.Release|iPhoneSimulator.ActiveCfg = Release|iPhoneSimulator
		{EFE709E4-FBDE-4DAA-B2C5-871405F5EAAA}.Release|iPhoneSimulator.Build.0 = Release|iPhoneSimulator
		{EFE709E4-FBDE-4DAA-B2C5-871405F5EAAA}.Release|iPhoneSimulator.Deploy.0 = Release|iPhoneSimulator
		{77B9F34C-F51B-4A5D-A374-F404C5D2FF01}.Debug|Any CPU.ActiveCfg = Debug|Any CPU
		{77B9F34C-F51B-4A5D-A374-F404C5D2FF01}.Debug|Any CPU.Build.0 = Debug|Any CPU
		{77B9F34C-F51B-4A5D-A374-F404C5D2FF01}.Debug|Any CPU.Deploy.0 = Debug|Any CPU
		{77B9F34C-F51B-4A5D-A374-F404C5D2FF01}.Debug|iPhone.ActiveCfg = Debug|Any CPU
		{77B9F34C-F51B-4A5D-A374-F404C5D2FF01}.Debug|iPhone.Build.0 = Debug|Any CPU
		{77B9F34C-F51B-4A5D-A374-F404C5D2FF01}.Debug|iPhone.Deploy.0 = Debug|Any CPU
		{77B9F34C-F51B-4A5D-A374-F404C5D2FF01}.Debug|iPhoneSimulator.ActiveCfg = Debug|Any CPU
		{77B9F34C-F51B-4A5D-A374-F404C5D2FF01}.Debug|iPhoneSimulator.Build.0 = Debug|Any CPU
		{77B9F34C-F51B-4A5D-A374-F404C5D2FF01}.Debug|iPhoneSimulator.Deploy.0 = Debug|Any CPU
		{77B9F34C-F51B-4A5D-A374-F404C5D2FF01}.Release|Any CPU.ActiveCfg = Release|Any CPU
		{77B9F34C-F51B-4A5D-A374-F404C5D2FF01}.Release|Any CPU.Build.0 = Release|Any CPU
		{77B9F34C-F51B-4A5D-A374-F404C5D2FF01}.Release|Any CPU.Deploy.0 = Release|Any CPU
		{77B9F34C-F51B-4A5D-A374-F404C5D2FF01}.Release|iPhone.ActiveCfg = Release|Any CPU
		{77B9F34C-F51B-4A5D-A374-F404C5D2FF01}.Release|iPhone.Build.0 = Release|Any CPU
		{77B9F34C-F51B-4A5D-A374-F404C5D2FF01}.Release|iPhone.Deploy.0 = Release|Any CPU
		{77B9F34C-F51B-4A5D-A374-F404C5D2FF01}.Release|iPhoneSimulator.ActiveCfg = Release|Any CPU
		{77B9F34C-F51B-4A5D-A374-F404C5D2FF01}.Release|iPhoneSimulator.Build.0 = Release|Any CPU
		{77B9F34C-F51B-4A5D-A374-F404C5D2FF01}.Release|iPhoneSimulator.Deploy.0 = Release|Any CPU
		{1BC846FC-799B-41AC-9222-54D8858E8AF1}.Debug|Any CPU.ActiveCfg = Debug|Any CPU
		{1BC846FC-799B-41AC-9222-54D8858E8AF1}.Debug|Any CPU.Build.0 = Debug|Any CPU
		{1BC846FC-799B-41AC-9222-54D8858E8AF1}.Debug|iPhone.ActiveCfg = Debug|Any CPU
		{1BC846FC-799B-41AC-9222-54D8858E8AF1}.Debug|iPhone.Build.0 = Debug|Any CPU
		{1BC846FC-799B-41AC-9222-54D8858E8AF1}.Debug|iPhoneSimulator.ActiveCfg = Debug|Any CPU
		{1BC846FC-799B-41AC-9222-54D8858E8AF1}.Debug|iPhoneSimulator.Build.0 = Debug|Any CPU
		{1BC846FC-799B-41AC-9222-54D8858E8AF1}.Release|Any CPU.ActiveCfg = Release|Any CPU
		{1BC846FC-799B-41AC-9222-54D8858E8AF1}.Release|Any CPU.Build.0 = Release|Any CPU
		{1BC846FC-799B-41AC-9222-54D8858E8AF1}.Release|iPhone.ActiveCfg = Release|Any CPU
		{1BC846FC-799B-41AC-9222-54D8858E8AF1}.Release|iPhone.Build.0 = Release|Any CPU
		{1BC846FC-799B-41AC-9222-54D8858E8AF1}.Release|iPhoneSimulator.ActiveCfg = Release|Any CPU
		{1BC846FC-799B-41AC-9222-54D8858E8AF1}.Release|iPhoneSimulator.Build.0 = Release|Any CPU
		{77E9269B-6DFE-4920-AAC5-BC098FE0C504}.Debug|Any CPU.ActiveCfg = Debug|Any CPU
		{77E9269B-6DFE-4920-AAC5-BC098FE0C504}.Debug|Any CPU.Build.0 = Debug|Any CPU
		{77E9269B-6DFE-4920-AAC5-BC098FE0C504}.Debug|iPhone.ActiveCfg = Debug|Any CPU
		{77E9269B-6DFE-4920-AAC5-BC098FE0C504}.Debug|iPhone.Build.0 = Debug|Any CPU
		{77E9269B-6DFE-4920-AAC5-BC098FE0C504}.Debug|iPhoneSimulator.ActiveCfg = Debug|Any CPU
		{77E9269B-6DFE-4920-AAC5-BC098FE0C504}.Debug|iPhoneSimulator.Build.0 = Debug|Any CPU
		{77E9269B-6DFE-4920-AAC5-BC098FE0C504}.Release|Any CPU.ActiveCfg = Release|Any CPU
		{77E9269B-6DFE-4920-AAC5-BC098FE0C504}.Release|Any CPU.Build.0 = Release|Any CPU
		{77E9269B-6DFE-4920-AAC5-BC098FE0C504}.Release|iPhone.ActiveCfg = Release|Any CPU
		{77E9269B-6DFE-4920-AAC5-BC098FE0C504}.Release|iPhone.Build.0 = Release|Any CPU
		{77E9269B-6DFE-4920-AAC5-BC098FE0C504}.Release|iPhoneSimulator.ActiveCfg = Release|Any CPU
		{77E9269B-6DFE-4920-AAC5-BC098FE0C504}.Release|iPhoneSimulator.Build.0 = Release|Any CPU
		{19CA227C-B904-42FF-A201-748409AFBD54}.Debug|Any CPU.ActiveCfg = Debug|Any CPU
		{19CA227C-B904-42FF-A201-748409AFBD54}.Debug|Any CPU.Build.0 = Debug|Any CPU
		{19CA227C-B904-42FF-A201-748409AFBD54}.Debug|iPhone.ActiveCfg = Debug|Any CPU
		{19CA227C-B904-42FF-A201-748409AFBD54}.Debug|iPhone.Build.0 = Debug|Any CPU
		{19CA227C-B904-42FF-A201-748409AFBD54}.Debug|iPhoneSimulator.ActiveCfg = Debug|Any CPU
		{19CA227C-B904-42FF-A201-748409AFBD54}.Debug|iPhoneSimulator.Build.0 = Debug|Any CPU
		{19CA227C-B904-42FF-A201-748409AFBD54}.Release|Any CPU.ActiveCfg = Release|Any CPU
		{19CA227C-B904-42FF-A201-748409AFBD54}.Release|Any CPU.Build.0 = Release|Any CPU
		{19CA227C-B904-42FF-A201-748409AFBD54}.Release|iPhone.ActiveCfg = Release|Any CPU
		{19CA227C-B904-42FF-A201-748409AFBD54}.Release|iPhone.Build.0 = Release|Any CPU
		{19CA227C-B904-42FF-A201-748409AFBD54}.Release|iPhoneSimulator.ActiveCfg = Release|Any CPU
		{19CA227C-B904-42FF-A201-748409AFBD54}.Release|iPhoneSimulator.Build.0 = Release|Any CPU
		{D87B419D-539B-4DAE-9534-DD33E32997C0}.Debug|Any CPU.ActiveCfg = Debug|Any CPU
		{D87B419D-539B-4DAE-9534-DD33E32997C0}.Debug|Any CPU.Build.0 = Debug|Any CPU
		{D87B419D-539B-4DAE-9534-DD33E32997C0}.Debug|iPhone.ActiveCfg = Debug|Any CPU
		{D87B419D-539B-4DAE-9534-DD33E32997C0}.Debug|iPhone.Build.0 = Debug|Any CPU
		{D87B419D-539B-4DAE-9534-DD33E32997C0}.Debug|iPhoneSimulator.ActiveCfg = Debug|Any CPU
		{D87B419D-539B-4DAE-9534-DD33E32997C0}.Debug|iPhoneSimulator.Build.0 = Debug|Any CPU
		{D87B419D-539B-4DAE-9534-DD33E32997C0}.Release|Any CPU.ActiveCfg = Release|Any CPU
		{D87B419D-539B-4DAE-9534-DD33E32997C0}.Release|Any CPU.Build.0 = Release|Any CPU
		{D87B419D-539B-4DAE-9534-DD33E32997C0}.Release|iPhone.ActiveCfg = Release|Any CPU
		{D87B419D-539B-4DAE-9534-DD33E32997C0}.Release|iPhone.Build.0 = Release|Any CPU
		{D87B419D-539B-4DAE-9534-DD33E32997C0}.Release|iPhoneSimulator.ActiveCfg = Release|Any CPU
		{D87B419D-539B-4DAE-9534-DD33E32997C0}.Release|iPhoneSimulator.Build.0 = Release|Any CPU
		{E931F905-317C-4968-8551-FA879638BF05}.Debug|Any CPU.ActiveCfg = Debug|Any CPU
		{E931F905-317C-4968-8551-FA879638BF05}.Debug|Any CPU.Build.0 = Debug|Any CPU
		{E931F905-317C-4968-8551-FA879638BF05}.Debug|iPhone.ActiveCfg = Debug|Any CPU
		{E931F905-317C-4968-8551-FA879638BF05}.Debug|iPhone.Build.0 = Debug|Any CPU
		{E931F905-317C-4968-8551-FA879638BF05}.Debug|iPhoneSimulator.ActiveCfg = Debug|Any CPU
		{E931F905-317C-4968-8551-FA879638BF05}.Debug|iPhoneSimulator.Build.0 = Debug|Any CPU
		{E931F905-317C-4968-8551-FA879638BF05}.Release|Any CPU.ActiveCfg = Release|Any CPU
		{E931F905-317C-4968-8551-FA879638BF05}.Release|Any CPU.Build.0 = Release|Any CPU
		{E931F905-317C-4968-8551-FA879638BF05}.Release|iPhone.ActiveCfg = Release|Any CPU
		{E931F905-317C-4968-8551-FA879638BF05}.Release|iPhone.Build.0 = Release|Any CPU
		{E931F905-317C-4968-8551-FA879638BF05}.Release|iPhoneSimulator.ActiveCfg = Release|Any CPU
		{E931F905-317C-4968-8551-FA879638BF05}.Release|iPhoneSimulator.Build.0 = Release|Any CPU
	EndGlobalSection
	GlobalSection(SolutionProperties) = preSolution
		HideSolutionNode = FALSE
	EndGlobalSection
	GlobalSection(NestedProjects) = preSolution
		{BB8BF17F-08BC-4F09-BA34-847F7520B415} = {50C2BF41-FEBE-41E3-B708-5152D1BEB9A1}
		{EFE709E4-FBDE-4DAA-B2C5-871405F5EAAA} = {50C2BF41-FEBE-41E3-B708-5152D1BEB9A1}
		{77B9F34C-F51B-4A5D-A374-F404C5D2FF01} = {50C2BF41-FEBE-41E3-B708-5152D1BEB9A1}
		{1BC846FC-799B-41AC-9222-54D8858E8AF1} = {50C2BF41-FEBE-41E3-B708-5152D1BEB9A1}
		{77E9269B-6DFE-4920-AAC5-BC098FE0C504} = {DF7816AF-0EA0-48B6-A7F7-32188E05309A}
		{19CA227C-B904-42FF-A201-748409AFBD54} = {9D3A179A-9968-4E60-863F-D2D4B9C2F61C}
		{D87B419D-539B-4DAE-9534-DD33E32997C0} = {35993D36-B2A0-4CC0-812F-249B928E04FB}
		{E931F905-317C-4968-8551-FA879638BF05} = {35993D36-B2A0-4CC0-812F-249B928E04FB}
	EndGlobalSection
	GlobalSection(ExtensibilityGlobals) = postSolution
		SolutionGuid = {D5B50D39-8941-4AE6-B278-DAEAD30FFA8B}
	EndGlobalSection
EndGlobal
